
Microsoft Visual Studio Solution File, Format Version 12.00
# Visual Studio Version 17
VisualStudioVersion = 17.9.34728.123
MinimumVisualStudioVersion = 10.0.40219.1
Project("{FAE04EC0-301F-11D3-BF4B-00C04F79EFBC}") = "conditional_switch", "conditional_switch.csproj", "{7C95C8DE-51CB-46CC-8E8E-A9E2778713DD}"
EndProject
Global
	GlobalSection(SolutionConfigurationPlatforms) = preSolution
		Debug|Any CPU = Debug|Any CPU
		Release|Any CPU = Release|Any CPU
	EndGlobalSection
	GlobalSection(ProjectConfigurationPlatforms) = postSolution
		{7C95C8DE-51CB-46CC-8E8E-A9E2778713DD}.Debug|Any CPU.ActiveCfg = Debug|Any CPU
		{7C95C8DE-51CB-46CC-8E8E-A9E2778713DD}.Debug|Any CPU.Build.0 = Debug|Any CPU
		{7C95C8DE-51CB-46CC-8E8E-A9E2778713DD}.Release|Any CPU.ActiveCfg = Release|Any CPU
		{7C95C8DE-51CB-46CC-8E8E-A9E2778713DD}.Release|Any CPU.Build.0 = Release|Any CPU
	EndGlobalSection
	GlobalSection(SolutionProperties) = preSolution
		HideSolutionNode = FALSE
	EndGlobalSection
	GlobalSection(ExtensibilityGlobals) = postSolution
		SolutionGuid = {6534573B-1D08-4121-9EF4-2C08BA7C03D3}
	EndGlobalSection
EndGlobal
